
Microsoft Visual Studio Solution File, Format Version 12.00
# Visual Studio Version 17
VisualStudioVersion = 17.3.32929.385
MinimumVisualStudioVersion = 10.0.40219.1
Project("{FAE04EC0-301F-11D3-BF4B-00C04F79EFBC}") = "GreibachNormalFormConverter", "GreibachNormalFormConverter\GreibachNormalFormConverter.csproj", "{110360A9-E9BC-43A5-AE9D-6B62BE1F3969}"
EndProject
Project("{54435603-DBB4-11D2-8724-00A0C9A8B90C}") = "GNFSetup", "GNFSetup\GNFSetup.vdproj", "{79368EB2-C868-4CEA-8ED9-826A2FD832BF}"
EndProject
Global
	GlobalSection(SolutionConfigurationPlatforms) = preSolution
		Debug|Any CPU = Debug|Any CPU
		Release|Any CPU = Release|Any CPU
	EndGlobalSection
	GlobalSection(ProjectConfigurationPlatforms) = postSolution
		{110360A9-E9BC-43A5-AE9D-6B62BE1F3969}.Debug|Any CPU.ActiveCfg = Debug|Any CPU
		{110360A9-E9BC-43A5-AE9D-6B62BE1F3969}.Debug|Any CPU.Build.0 = Debug|Any CPU
		{110360A9-E9BC-43A5-AE9D-6B62BE1F3969}.Release|Any CPU.ActiveCfg = Release|Any CPU
		{110360A9-E9BC-43A5-AE9D-6B62BE1F3969}.Release|Any CPU.Build.0 = Release|Any CPU
		{79368EB2-C868-4CEA-8ED9-826A2FD832BF}.Debug|Any CPU.ActiveCfg = Debug
		{79368EB2-C868-4CEA-8ED9-826A2FD832BF}.Release|Any CPU.ActiveCfg = Release
	EndGlobalSection
	GlobalSection(SolutionProperties) = preSolution
		HideSolutionNode = FALSE
	EndGlobalSection
	GlobalSection(ExtensibilityGlobals) = postSolution
		SolutionGuid = {4495E30C-6278-468D-A08B-D7E176CD58FB}
	EndGlobalSection
EndGlobal
